Microsoft Visual Studio Solution File, Format Version 12.00
# Visual Studio Version 17
VisualStudioVersion = 17.5.2.0
MinimumVisualStudioVersion = 10.0.40219.1
Project("{FAE04EC0-301F-11D3-BF4B-00C04F79EFBC}") = "PersonalDashboard.Api", "PersonalDashboard.Api\PersonalDashboard.Api.csproj", "{3AD3FB71-4B1B-49DE-B607-83C088AE74C4}"
EndProject
Project("{FAE04EC0-301F-11D3-BF4B-00C04F79EFBC}") = "PersonalDashboard.Api.Tests", "PersonalDashboard.Api.Tests\PersonalDashboard.Api.Tests.csproj", "{168741AA-3094-475C-8618-34CE7B4EA8CD}"
EndProject
Global
	GlobalSection(SolutionProperties) = preSolution
		HideSolutionNode = FALSE
	EndGlobalSection
	GlobalSection(ExtensibilityGlobals) = postSolution
		SolutionGuid = {82E45F5D-689B-4689-B6D2-26406A30DC02}
	EndGlobalSection
	GlobalSection(SolutionConfigurationPlatforms) = preSolution
		Debug|Any CPU = Debug|Any CPU
		Debug|x64 = Debug|x64
		Debug|x86 = Debug|x86
		Release|Any CPU = Release|Any CPU
		Release|x64 = Release|x64
		Release|x86 = Release|x86
	EndGlobalSection
	GlobalSection(ProjectConfigurationPlatforms) = postSolution
		{3AD3FB71-4B1B-49DE-B607-83C088AE74C4}.Debug|Any CPU.ActiveCfg = Debug|Any CPU
		{3AD3FB71-4B1B-49DE-B607-83C088AE74C4}.Debug|Any CPU.Build.0 = Debug|Any CPU
		{3AD3FB71-4B1B-49DE-B607-83C088AE74C4}.Debug|x64.ActiveCfg = Debug|Any CPU
		{3AD3FB71-4B1B-49DE-B607-83C088AE74C4}.Debug|x64.Build.0 = Debug|Any CPU
		{3AD3FB71-4B1B-49DE-B607-83C088AE74C4}.Debug|x86.ActiveCfg = Debug|Any CPU
		{3AD3FB71-4B1B-49DE-B607-83C088AE74C4}.Debug|x86.Build.0 = Debug|Any CPU
		{3AD3FB71-4B1B-49DE-B607-83C088AE74C4}.Release|Any CPU.ActiveCfg = Release|Any CPU
		{3AD3FB71-4B1B-49DE-B607-83C088AE74C4}.Release|Any CPU.Build.0 = Release|Any CPU
		{3AD3FB71-4B1B-49DE-B607-83C088AE74C4}.Release|x64.ActiveCfg = Release|Any CPU
		{3AD3FB71-4B1B-49DE-B607-83C088AE74C4}.Release|x64.Build.0 = Release|Any CPU
		{3AD3FB71-4B1B-49DE-B607-83C088AE74C4}.Release|x86.ActiveCfg = Release|Any CPU
		{3AD3FB71-4B1B-49DE-B607-83C088AE74C4}.Release|x86.Build.0 = Release|Any CPU
		{168741AA-3094-475C-8618-34CE7B4EA8CD}.Debug|Any CPU.ActiveCfg = Debug|Any CPU
		{168741AA-3094-475C-8618-34CE7B4EA8CD}.Debug|Any CPU.Build.0 = Debug|Any CPU
		{168741AA-3094-475C-8618-34CE7B4EA8CD}.Debug|x64.ActiveCfg = Debug|Any CPU
		{168741AA-3094-475C-8618-34CE7B4EA8CD}.Debug|x64.Build.0 = Debug|Any CPU
		{168741AA-3094-475C-8618-34CE7B4EA8CD}.Debug|x86.ActiveCfg = Debug|Any CPU
		{168741AA-3094-475C-8618-34CE7B4EA8CD}.Debug|x86.Build.0 = Debug|Any CPU
		{168741AA-3094-475C-8618-34CE7B4EA8CD}.Release|Any CPU.ActiveCfg = Release|Any CPU
		{168741AA-3094-475C-8618-34CE7B4EA8CD}.Release|Any CPU.Build.0 = Release|Any CPU
		{168741AA-3094-475C-8618-34CE7B4EA8CD}.Release|x64.ActiveCfg = Release|Any CPU
		{168741AA-3094-475C-8618-34CE7B4EA8CD}.Release|x64.Build.0 = Release|Any CPU
		{168741AA-3094-475C-8618-34CE7B4EA8CD}.Release|x86.ActiveCfg = Release|Any CPU
		{168741AA-3094-475C-8618-34CE7B4EA8CD}.Release|x86.Build.0 = Release|Any CPU
	EndGlobalSection
EndGlobal
