Microsoft Visual Studio Solution File, Format Version 12.00
# Visual Studio Version 17
VisualStudioVersion = 17.5.2.0
MinimumVisualStudioVersion = 10.0.40219.1
Project("{FAE04EC0-301F-11D3-BF4B-00C04F79EFBC}") = "PersonalDashBoard.Api", "PersonalDashBoard.Api.csproj", "{13EF3ADD-5C1E-5CDE-08D3-CF539B6A2FBF}"
EndProject
Global
	GlobalSection(SolutionConfigurationPlatforms) = preSolution
		Debug|Any CPU = Debug|Any CPU
		Release|Any CPU = Release|Any CPU
	EndGlobalSection
	GlobalSection(ProjectConfigurationPlatforms) = postSolution
		{13EF3ADD-5C1E-5CDE-08D3-CF539B6A2FBF}.Debug|Any CPU.ActiveCfg = Debug|Any CPU
		{13EF3ADD-5C1E-5CDE-08D3-CF539B6A2FBF}.Debug|Any CPU.Build.0 = Debug|Any CPU
		{13EF3ADD-5C1E-5CDE-08D3-CF539B6A2FBF}.Release|Any CPU.ActiveCfg = Release|Any CPU
		{13EF3ADD-5C1E-5CDE-08D3-CF539B6A2FBF}.Release|Any CPU.Build.0 = Release|Any CPU
	EndGlobalSection
	GlobalSection(SolutionProperties) = preSolution
		HideSolutionNode = FALSE
	EndGlobalSection
	GlobalSection(ExtensibilityGlobals) = postSolution
		SolutionGuid = {82E45F5D-689B-4689-B6D2-26406A30DC02}
	EndGlobalSection
EndGlobal
